
Microsoft Visual Studio Solution File, Format Version 12.00
# Visual Studio 15
VisualStudioVersion = 15.0.28307.1082
MinimumVisualStudioVersion = 10.0.40219.1
Project("{8BC9CEB8-8B4A-11D0-8D11-00A0C91BC942}") = "Pointers", "Pointers\Pointers.vcxproj", "{2EEB13BA-C1C7-4C3F-8C27-072F66856378}"
EndProject
Project("{8BC9CEB8-8B4A-11D0-8D11-00A0C91BC942}") = "TransferParameters", "TransferParameters\TransferParameters.vcxproj", "{0F6D6245-B88D-4362-9C14-D679CBBBF30F}"
EndProject
Global
	GlobalSection(SolutionConfigurationPlatforms) = preSolution
		Debug|x64 = Debug|x64
		Debug|x86 = Debug|x86
		Release|x64 = Release|x64
		Release|x86 = Release|x86
	EndGlobalSection
	GlobalSection(ProjectConfigurationPlatforms) = postSolution
		{2EEB13BA-C1C7-4C3F-8C27-072F66856378}.Debug|x64.ActiveCfg = Debug|x64
		{2EEB13BA-C1C7-4C3F-8C27-072F66856378}.Debug|x64.Build.0 = Debug|x64
		{2EEB13BA-C1C7-4C3F-8C27-072F66856378}.Debug|x86.ActiveCfg = Debug|Win32
		{2EEB13BA-C1C7-4C3F-8C27-072F66856378}.Debug|x86.Build.0 = Debug|Win32
		{2EEB13BA-C1C7-4C3F-8C27-072F66856378}.Release|x64.ActiveCfg = Release|x64
		{2EEB13BA-C1C7-4C3F-8C27-072F66856378}.Release|x64.Build.0 = Release|x64
		{2EEB13BA-C1C7-4C3F-8C27-072F66856378}.Release|x86.ActiveCfg = Release|Win32
		{2EEB13BA-C1C7-4C3F-8C27-072F66856378}.Release|x86.Build.0 = Release|Win32
		{0F6D6245-B88D-4362-9C14-D679CBBBF30F}.Debug|x64.ActiveCfg = Debug|x64
		{0F6D6245-B88D-4362-9C14-D679CBBBF30F}.Debug|x64.Build.0 = Debug|x64
		{0F6D6245-B88D-4362-9C14-D679CBBBF30F}.Debug|x86.ActiveCfg = Debug|Win32
		{0F6D6245-B88D-4362-9C14-D679CBBBF30F}.Debug|x86.Build.0 = Debug|Win32
		{0F6D6245-B88D-4362-9C14-D679CBBBF30F}.Release|x64.ActiveCfg = Release|x64
		{0F6D6245-B88D-4362-9C14-D679CBBBF30F}.Release|x64.Build.0 = Release|x64
		{0F6D6245-B88D-4362-9C14-D679CBBBF30F}.Release|x86.ActiveCfg = Release|Win32
		{0F6D6245-B88D-4362-9C14-D679CBBBF30F}.Release|x86.Build.0 = Release|Win32
	EndGlobalSection
	GlobalSection(SolutionProperties) = preSolution
		HideSolutionNode = FALSE
	EndGlobalSection
	GlobalSection(ExtensibilityGlobals) = postSolution
		SolutionGuid = {3B4F99BB-8874-4366-BC21-E05F2F1C59C1}
	EndGlobalSection
EndGlobal
