
Microsoft Visual Studio Solution File, Format Version 12.00
# Visual Studio 15
VisualStudioVersion = 15.0.28307.1082
MinimumVisualStudioVersion = 10.0.40219.1
Project("{8BC9CEB8-8B4A-11D0-8D11-00A0C91BC942}") = "ControlStructures", "ControlStructures\ControlStructures.vcxproj", "{797FEC04-B42F-4728-9194-3DA816EB2046}"
EndProject
Project("{8BC9CEB8-8B4A-11D0-8D11-00A0C91BC942}") = "HomeWork", "HomeWork\HomeWork.vcxproj", "{3346C18E-5894-4B5B-8F85-CA54EC9AAEEC}"
EndProject
Project("{8BC9CEB8-8B4A-11D0-8D11-00A0C91BC942}") = "Loops", "Loops\Loops.vcxproj", "{2E5865B8-6FB8-4E55-88A6-4018B8B23398}"
EndProject
Project("{8BC9CEB8-8B4A-11D0-8D11-00A0C91BC942}") = "Palindrome", "Palindrome\Palindrome.vcxproj", "{E53FAFA4-CCF6-4565-A5DE-CBED63AA5363}"
EndProject
Project("{8BC9CEB8-8B4A-11D0-8D11-00A0C91BC942}") = "Shooter", "Shooter\Shooter.vcxproj", "{5F1A8DBD-D48B-41BE-A9A7-C2295E64A309}"
EndProject
Project("{8BC9CEB8-8B4A-11D0-8D11-00A0C91BC942}") = "FOR", "FOR\FOR.vcxproj", "{B98C801C-41A3-4F20-9766-39CF30D9B142}"
EndProject
Project("{8BC9CEB8-8B4A-11D0-8D11-00A0C91BC942}") = "Geometry", "Geometry\Geometry.vcxproj", "{E06D8164-6B72-427F-8A98-1631784E7370}"
EndProject
Global
	GlobalSection(SolutionConfigurationPlatforms) = preSolution
		Debug|x64 = Debug|x64
		Debug|x86 = Debug|x86
		Release|x64 = Release|x64
		Release|x86 = Release|x86
	EndGlobalSection
	GlobalSection(ProjectConfigurationPlatforms) = postSolution
		{797FEC04-B42F-4728-9194-3DA816EB2046}.Debug|x64.ActiveCfg = Debug|x64
		{797FEC04-B42F-4728-9194-3DA816EB2046}.Debug|x64.Build.0 = Debug|x64
		{797FEC04-B42F-4728-9194-3DA816EB2046}.Debug|x86.ActiveCfg = Debug|Win32
		{797FEC04-B42F-4728-9194-3DA816EB2046}.Debug|x86.Build.0 = Debug|Win32
		{797FEC04-B42F-4728-9194-3DA816EB2046}.Release|x64.ActiveCfg = Release|x64
		{797FEC04-B42F-4728-9194-3DA816EB2046}.Release|x64.Build.0 = Release|x64
		{797FEC04-B42F-4728-9194-3DA816EB2046}.Release|x86.ActiveCfg = Release|Win32
		{797FEC04-B42F-4728-9194-3DA816EB2046}.Release|x86.Build.0 = Release|Win32
		{3346C18E-5894-4B5B-8F85-CA54EC9AAEEC}.Debug|x64.ActiveCfg = Debug|x64
		{3346C18E-5894-4B5B-8F85-CA54EC9AAEEC}.Debug|x64.Build.0 = Debug|x64
		{3346C18E-5894-4B5B-8F85-CA54EC9AAEEC}.Debug|x86.ActiveCfg = Debug|Win32
		{3346C18E-5894-4B5B-8F85-CA54EC9AAEEC}.Debug|x86.Build.0 = Debug|Win32
		{3346C18E-5894-4B5B-8F85-CA54EC9AAEEC}.Release|x64.ActiveCfg = Release|x64
		{3346C18E-5894-4B5B-8F85-CA54EC9AAEEC}.Release|x64.Build.0 = Release|x64
		{3346C18E-5894-4B5B-8F85-CA54EC9AAEEC}.Release|x86.ActiveCfg = Release|Win32
		{3346C18E-5894-4B5B-8F85-CA54EC9AAEEC}.Release|x86.Build.0 = Release|Win32
		{2E5865B8-6FB8-4E55-88A6-4018B8B23398}.Debug|x64.ActiveCfg = Debug|x64
		{2E5865B8-6FB8-4E55-88A6-4018B8B23398}.Debug|x64.Build.0 = Debug|x64
		{2E5865B8-6FB8-4E55-88A6-4018B8B23398}.Debug|x86.ActiveCfg = Debug|Win32
		{2E5865B8-6FB8-4E55-88A6-4018B8B23398}.Debug|x86.Build.0 = Debug|Win32
		{2E5865B8-6FB8-4E55-88A6-4018B8B23398}.Release|x64.ActiveCfg = Release|x64
		{2E5865B8-6FB8-4E55-88A6-4018B8B23398}.Release|x64.Build.0 = Release|x64
		{2E5865B8-6FB8-4E55-88A6-4018B8B23398}.Release|x86.ActiveCfg = Release|Win32
		{2E5865B8-6FB8-4E55-88A6-4018B8B23398}.Release|x86.Build.0 = Release|Win32
		{E53FAFA4-CCF6-4565-A5DE-CBED63AA5363}.Debug|x64.ActiveCfg = Debug|x64
		{E53FAFA4-CCF6-4565-A5DE-CBED63AA5363}.Debug|x64.Build.0 = Debug|x64
		{E53FAFA4-CCF6-4565-A5DE-CBED63AA5363}.Debug|x86.ActiveCfg = Debug|Win32
		{E53FAFA4-CCF6-4565-A5DE-CBED63AA5363}.Debug|x86.Build.0 = Debug|Win32
		{E53FAFA4-CCF6-4565-A5DE-CBED63AA5363}.Release|x64.ActiveCfg = Release|x64
		{E53FAFA4-CCF6-4565-A5DE-CBED63AA5363}.Release|x64.Build.0 = Release|x64
		{E53FAFA4-CCF6-4565-A5DE-CBED63AA5363}.Release|x86.ActiveCfg = Release|Win32
		{E53FAFA4-CCF6-4565-A5DE-CBED63AA5363}.Release|x86.Build.0 = Release|Win32
		{5F1A8DBD-D48B-41BE-A9A7-C2295E64A309}.Debug|x64.ActiveCfg = Debug|x64
		{5F1A8DBD-D48B-41BE-A9A7-C2295E64A309}.Debug|x64.Build.0 = Debug|x64
		{5F1A8DBD-D48B-41BE-A9A7-C2295E64A309}.Debug|x86.ActiveCfg = Debug|Win32
		{5F1A8DBD-D48B-41BE-A9A7-C2295E64A309}.Debug|x86.Build.0 = Debug|Win32
		{5F1A8DBD-D48B-41BE-A9A7-C2295E64A309}.Release|x64.ActiveCfg = Release|x64
		{5F1A8DBD-D48B-41BE-A9A7-C2295E64A309}.Release|x64.Build.0 = Release|x64
		{5F1A8DBD-D48B-41BE-A9A7-C2295E64A309}.Release|x86.ActiveCfg = Release|Win32
		{5F1A8DBD-D48B-41BE-A9A7-C2295E64A309}.Release|x86.Build.0 = Release|Win32
		{B98C801C-41A3-4F20-9766-39CF30D9B142}.Debug|x64.ActiveCfg = Debug|x64
		{B98C801C-41A3-4F20-9766-39CF30D9B142}.Debug|x64.Build.0 = Debug|x64
		{B98C801C-41A3-4F20-9766-39CF30D9B142}.Debug|x86.ActiveCfg = Debug|Win32
		{B98C801C-41A3-4F20-9766-39CF30D9B142}.Debug|x86.Build.0 = Debug|Win32
		{B98C801C-41A3-4F20-9766-39CF30D9B142}.Release|x64.ActiveCfg = Release|x64
		{B98C801C-41A3-4F20-9766-39CF30D9B142}.Release|x64.Build.0 = Release|x64
		{B98C801C-41A3-4F20-9766-39CF30D9B142}.Release|x86.ActiveCfg = Release|Win32
		{B98C801C-41A3-4F20-9766-39CF30D9B142}.Release|x86.Build.0 = Release|Win32
		{E06D8164-6B72-427F-8A98-1631784E7370}.Debug|x64.ActiveCfg = Debug|x64
		{E06D8164-6B72-427F-8A98-1631784E7370}.Debug|x64.Build.0 = Debug|x64
		{E06D8164-6B72-427F-8A98-1631784E7370}.Debug|x86.ActiveCfg = Debug|Win32
		{E06D8164-6B72-427F-8A98-1631784E7370}.Debug|x86.Build.0 = Debug|Win32
		{E06D8164-6B72-427F-8A98-1631784E7370}.Release|x64.ActiveCfg = Release|x64
		{E06D8164-6B72-427F-8A98-1631784E7370}.Release|x64.Build.0 = Release|x64
		{E06D8164-6B72-427F-8A98-1631784E7370}.Release|x86.ActiveCfg = Release|Win32
		{E06D8164-6B72-427F-8A98-1631784E7370}.Release|x86.Build.0 = Release|Win32
	EndGlobalSection
	GlobalSection(SolutionProperties) = preSolution
		HideSolutionNode = FALSE
	EndGlobalSection
	GlobalSection(ExtensibilityGlobals) = postSolution
		SolutionGuid = {CDFA1371-46C7-4C39-8B60-4B8C6337AD09}
	EndGlobalSection
EndGlobal
